
Microsoft Visual Studio Solution File, Format Version 12.00
# Visual Studio Version 17
VisualStudioVersion = 17.1.32210.238
MinimumVisualStudioVersion = 10.0.40219.1
Project("{9A19103F-16F7-4668-BE54-9A1E7A4F7556}") = "ProjectPSX", "ProjectPSX\ProjectPSX.csproj", "{6351ED6D-2403-43EE-8DD8-EB7E796B41EB}"
EndProject
Project("{9A19103F-16F7-4668-BE54-9A1E7A4F7556}") = "ProjectPSX.WinForms", "ProjectPSX.WinForms\ProjectPSX.WinForms.csproj", "{826358E3-4610-4688-96DD-86963BE51A58}"
	ProjectSection(ProjectDependencies) = postProject
		{6351ED6D-2403-43EE-8DD8-EB7E796B41EB} = {6351ED6D-2403-43EE-8DD8-EB7E796B41EB}
	EndProjectSection
EndProject
Project("{9A19103F-16F7-4668-BE54-9A1E7A4F7556}") = "ProjectPSX.OpenTK", "ProjectPSX.OpenTK\ProjectPSX.OpenTK.csproj", "{8206B712-6B1E-4DEE-8156-5757EDBD3315}"
	ProjectSection(ProjectDependencies) = postProject
		{6351ED6D-2403-43EE-8DD8-EB7E796B41EB} = {6351ED6D-2403-43EE-8DD8-EB7E796B41EB}
	EndProjectSection
EndProject
Project("{9A19103F-16F7-4668-BE54-9A1E7A4F7556}") = "ProjectPSX.WPF", "ProjectPSX.WPF\ProjectPSX.WPF.csproj", "{B3050D06-2B44-43AF-8919-70273DA69E3F}"
EndProject
Project("{9A19103F-16F7-4668-BE54-9A1E7A4F7556}") = "PSX.Core.Graphics", "PSX.Core.Graphics\PSX.Core.Graphics.csproj", "{E85A03C4-C65B-4390-A0CD-899F1CC864A1}"
EndProject
Project("{9A19103F-16F7-4668-BE54-9A1E7A4F7556}") = "PSX.Core", "PSX.Core\PSX.Core.csproj", "{0BA25B1D-ECA7-4011-82E6-D2F2710A5638}"
EndProject
Project("{2150E333-8FDC-42A3-9474-1A3956D46DE8}") = "Modules", "Modules", "{1F517B7D-628B-4810-8825-8B2616EF8DC6}"
EndProject
Project("{FAE04EC0-301F-11D3-BF4B-00C04F79EFBC}") = "PSX.Core.Sound", "PSX.Core.Sound\PSX.Core.Sound.csproj", "{F0FCDB0A-3D05-400F-B04F-8CE33F10E3D6}"
EndProject
Project("{FAE04EC0-301F-11D3-BF4B-00C04F79EFBC}") = "PSX.Core.Devices", "PSX.Core.Devices\PSX.Core.Devices.csproj", "{F9803BE4-6F3C-428C-AFDD-37B2E10ABB7E}"
EndProject
Project("{FAE04EC0-301F-11D3-BF4B-00C04F79EFBC}") = "PSX.Core.Sound2", "PSX.Core.Sound2\PSX.Core.Sound2.csproj", "{3247FE88-4868-4A16-811C-DF6822F0DD74}"
EndProject
Project("{FAE04EC0-301F-11D3-BF4B-00C04F79EFBC}") = "PSX.Core.Devices.Storage", "PSX.Core.Devices.Storage\PSX.Core.Devices.Storage.csproj", "{192365B8-7F46-40DB-8D70-3E32EA8A0B74}"
EndProject
Project("{FAE04EC0-301F-11D3-BF4B-00C04F79EFBC}") = "PSX.Core.Devices.Input", "PSX.Core.Devices.Input\PSX.Core.Devices.Input.csproj", "{386CD52A-B3EC-4877-A9BA-8B4BECC94CF7}"
EndProject
Project("{FAE04EC0-301F-11D3-BF4B-00C04F79EFBC}") = "PSX.Core.Processor", "PSX.Core.Processor\PSX.Core.Processor.csproj", "{F4028964-4975-4F37-A242-F2421F43AFDD}"
EndProject
Global
	GlobalSection(SolutionConfigurationPlatforms) = preSolution
		Debug|Any CPU = Debug|Any CPU
		Debug|x64 = Debug|x64
		Debug|x86 = Debug|x86
		Release|Any CPU = Release|Any CPU
		Release|x64 = Release|x64
		Release|x86 = Release|x86
	EndGlobalSection
	GlobalSection(ProjectConfigurationPlatforms) = postSolution
		{6351ED6D-2403-43EE-8DD8-EB7E796B41EB}.Debug|Any CPU.ActiveCfg = Debug|Any CPU
		{6351ED6D-2403-43EE-8DD8-EB7E796B41EB}.Debug|Any CPU.Build.0 = Debug|Any CPU
		{6351ED6D-2403-43EE-8DD8-EB7E796B41EB}.Debug|x64.ActiveCfg = Debug|Any CPU
		{6351ED6D-2403-43EE-8DD8-EB7E796B41EB}.Debug|x64.Build.0 = Debug|Any CPU
		{6351ED6D-2403-43EE-8DD8-EB7E796B41EB}.Debug|x86.ActiveCfg = Debug|Any CPU
		{6351ED6D-2403-43EE-8DD8-EB7E796B41EB}.Debug|x86.Build.0 = Debug|Any CPU
		{6351ED6D-2403-43EE-8DD8-EB7E796B41EB}.Release|Any CPU.ActiveCfg = Release|Any CPU
		{6351ED6D-2403-43EE-8DD8-EB7E796B41EB}.Release|Any CPU.Build.0 = Release|Any CPU
		{6351ED6D-2403-43EE-8DD8-EB7E796B41EB}.Release|x64.ActiveCfg = Release|Any CPU
		{6351ED6D-2403-43EE-8DD8-EB7E796B41EB}.Release|x64.Build.0 = Release|Any CPU
		{6351ED6D-2403-43EE-8DD8-EB7E796B41EB}.Release|x86.ActiveCfg = Release|Any CPU
		{6351ED6D-2403-43EE-8DD8-EB7E796B41EB}.Release|x86.Build.0 = Release|Any CPU
		{826358E3-4610-4688-96DD-86963BE51A58}.Debug|Any CPU.ActiveCfg = Debug|Any CPU
		{826358E3-4610-4688-96DD-86963BE51A58}.Debug|Any CPU.Build.0 = Debug|Any CPU
		{826358E3-4610-4688-96DD-86963BE51A58}.Debug|x64.ActiveCfg = Debug|Any CPU
		{826358E3-4610-4688-96DD-86963BE51A58}.Debug|x64.Build.0 = Debug|Any CPU
		{826358E3-4610-4688-96DD-86963BE51A58}.Debug|x86.ActiveCfg = Debug|Any CPU
		{826358E3-4610-4688-96DD-86963BE51A58}.Debug|x86.Build.0 = Debug|Any CPU
		{826358E3-4610-4688-96DD-86963BE51A58}.Release|Any CPU.ActiveCfg = Release|Any CPU
		{826358E3-4610-4688-96DD-86963BE51A58}.Release|Any CPU.Build.0 = Release|Any CPU
		{826358E3-4610-4688-96DD-86963BE51A58}.Release|x64.ActiveCfg = Release|Any CPU
		{826358E3-4610-4688-96DD-86963BE51A58}.Release|x64.Build.0 = Release|Any CPU
		{826358E3-4610-4688-96DD-86963BE51A58}.Release|x86.ActiveCfg = Release|Any CPU
		{826358E3-4610-4688-96DD-86963BE51A58}.Release|x86.Build.0 = Release|Any CPU
		{8206B712-6B1E-4DEE-8156-5757EDBD3315}.Debug|Any CPU.ActiveCfg = Debug|Any CPU
		{8206B712-6B1E-4DEE-8156-5757EDBD3315}.Debug|Any CPU.Build.0 = Debug|Any CPU
		{8206B712-6B1E-4DEE-8156-5757EDBD3315}.Debug|x64.ActiveCfg = Debug|Any CPU
		{8206B712-6B1E-4DEE-8156-5757EDBD3315}.Debug|x64.Build.0 = Debug|Any CPU
		{8206B712-6B1E-4DEE-8156-5757EDBD3315}.Debug|x86.ActiveCfg = Debug|Any CPU
		{8206B712-6B1E-4DEE-8156-5757EDBD3315}.Debug|x86.Build.0 = Debug|Any CPU
		{8206B712-6B1E-4DEE-8156-5757EDBD3315}.Release|Any CPU.ActiveCfg = Release|Any CPU
		{8206B712-6B1E-4DEE-8156-5757EDBD3315}.Release|Any CPU.Build.0 = Release|Any CPU
		{8206B712-6B1E-4DEE-8156-5757EDBD3315}.Release|x64.ActiveCfg = Release|Any CPU
		{8206B712-6B1E-4DEE-8156-5757EDBD3315}.Release|x64.Build.0 = Release|Any CPU
		{8206B712-6B1E-4DEE-8156-5757EDBD3315}.Release|x86.ActiveCfg = Release|Any CPU
		{8206B712-6B1E-4DEE-8156-5757EDBD3315}.Release|x86.Build.0 = Release|Any CPU
		{B3050D06-2B44-43AF-8919-70273DA69E3F}.Debug|Any CPU.ActiveCfg = Debug|Any CPU
		{B3050D06-2B44-43AF-8919-70273DA69E3F}.Debug|Any CPU.Build.0 = Debug|Any CPU
		{B3050D06-2B44-43AF-8919-70273DA69E3F}.Debug|x64.ActiveCfg = Debug|Any CPU
		{B3050D06-2B44-43AF-8919-70273DA69E3F}.Debug|x64.Build.0 = Debug|Any CPU
		{B3050D06-2B44-43AF-8919-70273DA69E3F}.Debug|x86.ActiveCfg = Debug|Any CPU
		{B3050D06-2B44-43AF-8919-70273DA69E3F}.Debug|x86.Build.0 = Debug|Any CPU
		{B3050D06-2B44-43AF-8919-70273DA69E3F}.Release|Any CPU.ActiveCfg = Release|Any CPU
		{B3050D06-2B44-43AF-8919-70273DA69E3F}.Release|Any CPU.Build.0 = Release|Any CPU
		{B3050D06-2B44-43AF-8919-70273DA69E3F}.Release|x64.ActiveCfg = Release|Any CPU
		{B3050D06-2B44-43AF-8919-70273DA69E3F}.Release|x64.Build.0 = Release|Any CPU
		{B3050D06-2B44-43AF-8919-70273DA69E3F}.Release|x86.ActiveCfg = Release|Any CPU
		{B3050D06-2B44-43AF-8919-70273DA69E3F}.Release|x86.Build.0 = Release|Any CPU
		{E85A03C4-C65B-4390-A0CD-899F1CC864A1}.Debug|Any CPU.ActiveCfg = Debug|Any CPU
		{E85A03C4-C65B-4390-A0CD-899F1CC864A1}.Debug|Any CPU.Build.0 = Debug|Any CPU
		{E85A03C4-C65B-4390-A0CD-899F1CC864A1}.Debug|x64.ActiveCfg = Debug|Any CPU
		{E85A03C4-C65B-4390-A0CD-899F1CC864A1}.Debug|x64.Build.0 = Debug|Any CPU
		{E85A03C4-C65B-4390-A0CD-899F1CC864A1}.Debug|x86.ActiveCfg = Debug|Any CPU
		{E85A03C4-C65B-4390-A0CD-899F1CC864A1}.Debug|x86.Build.0 = Debug|Any CPU
		{E85A03C4-C65B-4390-A0CD-899F1CC864A1}.Release|Any CPU.ActiveCfg = Release|Any CPU
		{E85A03C4-C65B-4390-A0CD-899F1CC864A1}.Release|Any CPU.Build.0 = Release|Any CPU
		{E85A03C4-C65B-4390-A0CD-899F1CC864A1}.Release|x64.ActiveCfg = Release|Any CPU
		{E85A03C4-C65B-4390-A0CD-899F1CC864A1}.Release|x64.Build.0 = Release|Any CPU
		{E85A03C4-C65B-4390-A0CD-899F1CC864A1}.Release|x86.ActiveCfg = Release|Any CPU
		{E85A03C4-C65B-4390-A0CD-899F1CC864A1}.Release|x86.Build.0 = Release|Any CPU
		{0BA25B1D-ECA7-4011-82E6-D2F2710A5638}.Debug|Any CPU.ActiveCfg = Debug|Any CPU
		{0BA25B1D-ECA7-4011-82E6-D2F2710A5638}.Debug|Any CPU.Build.0 = Debug|Any CPU
		{0BA25B1D-ECA7-4011-82E6-D2F2710A5638}.Debug|x64.ActiveCfg = Debug|Any CPU
		{0BA25B1D-ECA7-4011-82E6-D2F2710A5638}.Debug|x64.Build.0 = Debug|Any CPU
		{0BA25B1D-ECA7-4011-82E6-D2F2710A5638}.Debug|x86.ActiveCfg = Debug|Any CPU
		{0BA25B1D-ECA7-4011-82E6-D2F2710A5638}.Debug|x86.Build.0 = Debug|Any CPU
		{0BA25B1D-ECA7-4011-82E6-D2F2710A5638}.Release|Any CPU.ActiveCfg = Release|Any CPU
		{0BA25B1D-ECA7-4011-82E6-D2F2710A5638}.Release|Any CPU.Build.0 = Release|Any CPU
		{0BA25B1D-ECA7-4011-82E6-D2F2710A5638}.Release|x64.ActiveCfg = Release|Any CPU
		{0BA25B1D-ECA7-4011-82E6-D2F2710A5638}.Release|x64.Build.0 = Release|Any CPU
		{0BA25B1D-ECA7-4011-82E6-D2F2710A5638}.Release|x86.ActiveCfg = Release|Any CPU
		{0BA25B1D-ECA7-4011-82E6-D2F2710A5638}.Release|x86.Build.0 = Release|Any CPU
		{F0FCDB0A-3D05-400F-B04F-8CE33F10E3D6}.Debug|Any CPU.ActiveCfg = Debug|Any CPU
		{F0FCDB0A-3D05-400F-B04F-8CE33F10E3D6}.Debug|Any CPU.Build.0 = Debug|Any CPU
		{F0FCDB0A-3D05-400F-B04F-8CE33F10E3D6}.Debug|x64.ActiveCfg = Debug|Any CPU
		{F0FCDB0A-3D05-400F-B04F-8CE33F10E3D6}.Debug|x64.Build.0 = Debug|Any CPU
		{F0FCDB0A-3D05-400F-B04F-8CE33F10E3D6}.Debug|x86.ActiveCfg = Debug|Any CPU
		{F0FCDB0A-3D05-400F-B04F-8CE33F10E3D6}.Debug|x86.Build.0 = Debug|Any CPU
		{F0FCDB0A-3D05-400F-B04F-8CE33F10E3D6}.Release|Any CPU.ActiveCfg = Release|Any CPU
		{F0FCDB0A-3D05-400F-B04F-8CE33F10E3D6}.Release|Any CPU.Build.0 = Release|Any CPU
		{F0FCDB0A-3D05-400F-B04F-8CE33F10E3D6}.Release|x64.ActiveCfg = Release|Any CPU
		{F0FCDB0A-3D05-400F-B04F-8CE33F10E3D6}.Release|x64.Build.0 = Release|Any CPU
		{F0FCDB0A-3D05-400F-B04F-8CE33F10E3D6}.Release|x86.ActiveCfg = Release|Any CPU
		{F0FCDB0A-3D05-400F-B04F-8CE33F10E3D6}.Release|x86.Build.0 = Release|Any CPU
		{F9803BE4-6F3C-428C-AFDD-37B2E10ABB7E}.Debug|Any CPU.ActiveCfg = Debug|Any CPU
		{F9803BE4-6F3C-428C-AFDD-37B2E10ABB7E}.Debug|Any CPU.Build.0 = Debug|Any CPU
		{F9803BE4-6F3C-428C-AFDD-37B2E10ABB7E}.Debug|x64.ActiveCfg = Debug|Any CPU
		{F9803BE4-6F3C-428C-AFDD-37B2E10ABB7E}.Debug|x64.Build.0 = Debug|Any CPU
		{F9803BE4-6F3C-428C-AFDD-37B2E10ABB7E}.Debug|x86.ActiveCfg = Debug|Any CPU
		{F9803BE4-6F3C-428C-AFDD-37B2E10ABB7E}.Debug|x86.Build.0 = Debug|Any CPU
		{F9803BE4-6F3C-428C-AFDD-37B2E10ABB7E}.Release|Any CPU.ActiveCfg = Release|Any CPU
		{F9803BE4-6F3C-428C-AFDD-37B2E10ABB7E}.Release|Any CPU.Build.0 = Release|Any CPU
		{F9803BE4-6F3C-428C-AFDD-37B2E10ABB7E}.Release|x64.ActiveCfg = Release|Any CPU
		{F9803BE4-6F3C-428C-AFDD-37B2E10ABB7E}.Release|x64.Build.0 = Release|Any CPU
		{F9803BE4-6F3C-428C-AFDD-37B2E10ABB7E}.Release|x86.ActiveCfg = Release|Any CPU
		{F9803BE4-6F3C-428C-AFDD-37B2E10ABB7E}.Release|x86.Build.0 = Release|Any CPU
		{3247FE88-4868-4A16-811C-DF6822F0DD74}.Debug|Any CPU.ActiveCfg = Debug|Any CPU
		{3247FE88-4868-4A16-811C-DF6822F0DD74}.Debug|Any CPU.Build.0 = Debug|Any CPU
		{3247FE88-4868-4A16-811C-DF6822F0DD74}.Debug|x64.ActiveCfg = Debug|Any CPU
		{3247FE88-4868-4A16-811C-DF6822F0DD74}.Debug|x64.Build.0 = Debug|Any CPU
		{3247FE88-4868-4A16-811C-DF6822F0DD74}.Debug|x86.ActiveCfg = Debug|Any CPU
		{3247FE88-4868-4A16-811C-DF6822F0DD74}.Debug|x86.Build.0 = Debug|Any CPU
		{3247FE88-4868-4A16-811C-DF6822F0DD74}.Release|Any CPU.ActiveCfg = Release|Any CPU
		{3247FE88-4868-4A16-811C-DF6822F0DD74}.Release|Any CPU.Build.0 = Release|Any CPU
		{3247FE88-4868-4A16-811C-DF6822F0DD74}.Release|x64.ActiveCfg = Release|Any CPU
		{3247FE88-4868-4A16-811C-DF6822F0DD74}.Release|x64.Build.0 = Release|Any CPU
		{3247FE88-4868-4A16-811C-DF6822F0DD74}.Release|x86.ActiveCfg = Release|Any CPU
		{3247FE88-4868-4A16-811C-DF6822F0DD74}.Release|x86.Build.0 = Release|Any CPU
		{192365B8-7F46-40DB-8D70-3E32EA8A0B74}.Debug|Any CPU.ActiveCfg = Debug|Any CPU
		{192365B8-7F46-40DB-8D70-3E32EA8A0B74}.Debug|Any CPU.Build.0 = Debug|Any CPU
		{192365B8-7F46-40DB-8D70-3E32EA8A0B74}.Debug|x64.ActiveCfg = Debug|Any CPU
		{192365B8-7F46-40DB-8D70-3E32EA8A0B74}.Debug|x64.Build.0 = Debug|Any CPU
		{192365B8-7F46-40DB-8D70-3E32EA8A0B74}.Debug|x86.ActiveCfg = Debug|Any CPU
		{192365B8-7F46-40DB-8D70-3E32EA8A0B74}.Debug|x86.Build.0 = Debug|Any CPU
		{192365B8-7F46-40DB-8D70-3E32EA8A0B74}.Release|Any CPU.ActiveCfg = Release|Any CPU
		{192365B8-7F46-40DB-8D70-3E32EA8A0B74}.Release|Any CPU.Build.0 = Release|Any CPU
		{192365B8-7F46-40DB-8D70-3E32EA8A0B74}.Release|x64.ActiveCfg = Release|Any CPU
		{192365B8-7F46-40DB-8D70-3E32EA8A0B74}.Release|x64.Build.0 = Release|Any CPU
		{192365B8-7F46-40DB-8D70-3E32EA8A0B74}.Release|x86.ActiveCfg = Release|Any CPU
		{192365B8-7F46-40DB-8D70-3E32EA8A0B74}.Release|x86.Build.0 = Release|Any CPU
		{386CD52A-B3EC-4877-A9BA-8B4BECC94CF7}.Debug|Any CPU.ActiveCfg = Debug|Any CPU
		{386CD52A-B3EC-4877-A9BA-8B4BECC94CF7}.Debug|Any CPU.Build.0 = Debug|Any CPU
		{386CD52A-B3EC-4877-A9BA-8B4BECC94CF7}.Debug|x64.ActiveCfg = Debug|Any CPU
		{386CD52A-B3EC-4877-A9BA-8B4BECC94CF7}.Debug|x64.Build.0 = Debug|Any CPU
		{386CD52A-B3EC-4877-A9BA-8B4BECC94CF7}.Debug|x86.ActiveCfg = Debug|Any CPU
		{386CD52A-B3EC-4877-A9BA-8B4BECC94CF7}.Debug|x86.Build.0 = Debug|Any CPU
		{386CD52A-B3EC-4877-A9BA-8B4BECC94CF7}.Release|Any CPU.ActiveCfg = Release|Any CPU
		{386CD52A-B3EC-4877-A9BA-8B4BECC94CF7}.Release|Any CPU.Build.0 = Release|Any CPU
		{386CD52A-B3EC-4877-A9BA-8B4BECC94CF7}.Release|x64.ActiveCfg = Release|Any CPU
		{386CD52A-B3EC-4877-A9BA-8B4BECC94CF7}.Release|x64.Build.0 = Release|Any CPU
		{386CD52A-B3EC-4877-A9BA-8B4BECC94CF7}.Release|x86.ActiveCfg = Release|Any CPU
		{386CD52A-B3EC-4877-A9BA-8B4BECC94CF7}.Release|x86.Build.0 = Release|Any CPU
		{F4028964-4975-4F37-A242-F2421F43AFDD}.Debug|Any CPU.ActiveCfg = Debug|Any CPU
		{F4028964-4975-4F37-A242-F2421F43AFDD}.Debug|Any CPU.Build.0 = Debug|Any CPU
		{F4028964-4975-4F37-A242-F2421F43AFDD}.Debug|x64.ActiveCfg = Debug|Any CPU
		{F4028964-4975-4F37-A242-F2421F43AFDD}.Debug|x64.Build.0 = Debug|Any CPU
		{F4028964-4975-4F37-A242-F2421F43AFDD}.Debug|x86.ActiveCfg = Debug|Any CPU
		{F4028964-4975-4F37-A242-F2421F43AFDD}.Debug|x86.Build.0 = Debug|Any CPU
		{F4028964-4975-4F37-A242-F2421F43AFDD}.Release|Any CPU.ActiveCfg = Release|Any CPU
		{F4028964-4975-4F37-A242-F2421F43AFDD}.Release|Any CPU.Build.0 = Release|Any CPU
		{F4028964-4975-4F37-A242-F2421F43AFDD}.Release|x64.ActiveCfg = Release|Any CPU
		{F4028964-4975-4F37-A242-F2421F43AFDD}.Release|x64.Build.0 = Release|Any CPU
		{F4028964-4975-4F37-A242-F2421F43AFDD}.Release|x86.ActiveCfg = Release|Any CPU
		{F4028964-4975-4F37-A242-F2421F43AFDD}.Release|x86.Build.0 = Release|Any CPU
	EndGlobalSection
	GlobalSection(SolutionProperties) = preSolution
		HideSolutionNode = FALSE
	EndGlobalSection
	GlobalSection(NestedProjects) = preSolution
		{E85A03C4-C65B-4390-A0CD-899F1CC864A1} = {1F517B7D-628B-4810-8825-8B2616EF8DC6}
		{0BA25B1D-ECA7-4011-82E6-D2F2710A5638} = {1F517B7D-628B-4810-8825-8B2616EF8DC6}
		{F0FCDB0A-3D05-400F-B04F-8CE33F10E3D6} = {1F517B7D-628B-4810-8825-8B2616EF8DC6}
		{F9803BE4-6F3C-428C-AFDD-37B2E10ABB7E} = {1F517B7D-628B-4810-8825-8B2616EF8DC6}
		{3247FE88-4868-4A16-811C-DF6822F0DD74} = {1F517B7D-628B-4810-8825-8B2616EF8DC6}
		{192365B8-7F46-40DB-8D70-3E32EA8A0B74} = {1F517B7D-628B-4810-8825-8B2616EF8DC6}
		{386CD52A-B3EC-4877-A9BA-8B4BECC94CF7} = {1F517B7D-628B-4810-8825-8B2616EF8DC6}
		{F4028964-4975-4F37-A242-F2421F43AFDD} = {1F517B7D-628B-4810-8825-8B2616EF8DC6}
	EndGlobalSection
	GlobalSection(ExtensibilityGlobals) = postSolution
		SolutionGuid = {F1FDD480-CFB0-4C0B-AAD1-4E6912F073BC}
	EndGlobalSection
EndGlobal
