
Microsoft Visual Studio Solution File, Format Version 12.00
# Visual Studio Version 17
VisualStudioVersion = 17.1.32210.238
MinimumVisualStudioVersion = 10.0.40219.1
Project("{2150E333-8FDC-42A3-9474-1A3956D46DE8}") = "Solution Items", "Solution Items", "{3FEE6F99-41AB-40F4-97F4-F295A84D5095}"
	ProjectSection(SolutionItems) = preProject
		.editorconfig = .editorconfig
		TODO.txt = TODO.txt
	EndProjectSection
EndProject
Project("{9A19103F-16F7-4668-BE54-9A1E7A4F7556}") = "PSX", "PSX\PSX.csproj", "{6351ED6D-2403-43EE-8DD8-EB7E796B41EB}"
EndProject
Project("{9A19103F-16F7-4668-BE54-9A1E7A4F7556}") = "PSX.Core", "PSX.Core\PSX.Core.csproj", "{0BA25B1D-ECA7-4011-82E6-D2F2710A5638}"
EndProject
Project("{9A19103F-16F7-4668-BE54-9A1E7A4F7556}") = "PSX.Core.Graphics", "PSX.Core.Graphics\PSX.Core.Graphics.csproj", "{E85A03C4-C65B-4390-A0CD-899F1CC864A1}"
EndProject
Project("{9A19103F-16F7-4668-BE54-9A1E7A4F7556}") = "PSX.Core.Processor", "PSX.Core.Processor\PSX.Core.Processor.csproj", "{F4028964-4975-4F37-A242-F2421F43AFDD}"
EndProject
Project("{9A19103F-16F7-4668-BE54-9A1E7A4F7556}") = "PSX.Core.Sound", "PSX.Core.Sound\PSX.Core.Sound.csproj", "{F0FCDB0A-3D05-400F-B04F-8CE33F10E3D6}"
EndProject
Project("{9A19103F-16F7-4668-BE54-9A1E7A4F7556}") = "PSX.Devices.Input", "PSX.Devices.Input\PSX.Devices.Input.csproj", "{386CD52A-B3EC-4877-A9BA-8B4BECC94CF7}"
EndProject
Project("{9A19103F-16F7-4668-BE54-9A1E7A4F7556}") = "PSX.Devices.Optical", "PSX.Devices.Optical\PSX.Devices.Optical.csproj", "{E958F190-2909-4D61-AFFA-3EF5F30CAA10}"
EndProject
Project("{9A19103F-16F7-4668-BE54-9A1E7A4F7556}") = "PSX.Devices.Storage", "PSX.Devices.Storage\PSX.Devices.Storage.csproj", "{FC70723D-0950-4BCE-AA12-5FE3908F6A7B}"
EndProject
Project("{9A19103F-16F7-4668-BE54-9A1E7A4F7556}") = "PSX.Frontend.OpenTK", "PSX.Frontend.OpenTK\PSX.Frontend.OpenTK.csproj", "{8206B712-6B1E-4DEE-8156-5757EDBD3315}"
	ProjectSection(ProjectDependencies) = postProject
		{6351ED6D-2403-43EE-8DD8-EB7E796B41EB} = {6351ED6D-2403-43EE-8DD8-EB7E796B41EB}
	EndProjectSection
EndProject
Project("{9A19103F-16F7-4668-BE54-9A1E7A4F7556}") = "PSX.Frontend.WinForms", "PSX.Frontend.WinForms\PSX.Frontend.WinForms.csproj", "{826358E3-4610-4688-96DD-86963BE51A58}"
	ProjectSection(ProjectDependencies) = postProject
		{6351ED6D-2403-43EE-8DD8-EB7E796B41EB} = {6351ED6D-2403-43EE-8DD8-EB7E796B41EB}
	EndProjectSection
EndProject
Project("{9A19103F-16F7-4668-BE54-9A1E7A4F7556}") = "PSX.Frontend.WPF", "PSX.Frontend.WPF\PSX.Frontend.WPF.csproj", "{B3050D06-2B44-43AF-8919-70273DA69E3F}"
EndProject
Project("{9A19103F-16F7-4668-BE54-9A1E7A4F7556}") = "PSX.Logging", "PSX.Logging\PSX.Logging.csproj", "{DBC88997-2447-4BD0-95FD-D4B2EF64F553}"
EndProject
Project("{9A19103F-16F7-4668-BE54-9A1E7A4F7556}") = "PSX.Frontend", "PSX.Frontend\PSX.Frontend.csproj", "{15B99426-16BC-4300-B9AC-24A9F6EDFA06}"
EndProject
Project("{9A19103F-16F7-4668-BE54-9A1E7A4F7556}") = "PSX.Frontend.Core.Old", "PSX.Frontend.Core.Old\PSX.Frontend.Core.Old.csproj", "{15FBE1A5-B442-4DA8-94A9-54153A445855}"
EndProject
Global
	GlobalSection(SolutionConfigurationPlatforms) = preSolution
		Debug|Any CPU = Debug|Any CPU
		Release|Any CPU = Release|Any CPU
		UI|Any CPU = UI|Any CPU
	EndGlobalSection
	GlobalSection(ProjectConfigurationPlatforms) = postSolution
		{6351ED6D-2403-43EE-8DD8-EB7E796B41EB}.Debug|Any CPU.ActiveCfg = Debug|Any CPU
		{6351ED6D-2403-43EE-8DD8-EB7E796B41EB}.Debug|Any CPU.Build.0 = Debug|Any CPU
		{6351ED6D-2403-43EE-8DD8-EB7E796B41EB}.Release|Any CPU.ActiveCfg = Release|Any CPU
		{6351ED6D-2403-43EE-8DD8-EB7E796B41EB}.Release|Any CPU.Build.0 = Release|Any CPU
		{6351ED6D-2403-43EE-8DD8-EB7E796B41EB}.UI|Any CPU.ActiveCfg = Release|Any CPU
		{6351ED6D-2403-43EE-8DD8-EB7E796B41EB}.UI|Any CPU.Build.0 = Release|Any CPU
		{0BA25B1D-ECA7-4011-82E6-D2F2710A5638}.Debug|Any CPU.ActiveCfg = Debug|Any CPU
		{0BA25B1D-ECA7-4011-82E6-D2F2710A5638}.Debug|Any CPU.Build.0 = Debug|Any CPU
		{0BA25B1D-ECA7-4011-82E6-D2F2710A5638}.Release|Any CPU.ActiveCfg = Release|Any CPU
		{0BA25B1D-ECA7-4011-82E6-D2F2710A5638}.Release|Any CPU.Build.0 = Release|Any CPU
		{0BA25B1D-ECA7-4011-82E6-D2F2710A5638}.UI|Any CPU.ActiveCfg = Release|Any CPU
		{0BA25B1D-ECA7-4011-82E6-D2F2710A5638}.UI|Any CPU.Build.0 = Release|Any CPU
		{E85A03C4-C65B-4390-A0CD-899F1CC864A1}.Debug|Any CPU.ActiveCfg = Debug|Any CPU
		{E85A03C4-C65B-4390-A0CD-899F1CC864A1}.Debug|Any CPU.Build.0 = Debug|Any CPU
		{E85A03C4-C65B-4390-A0CD-899F1CC864A1}.Release|Any CPU.ActiveCfg = Release|Any CPU
		{E85A03C4-C65B-4390-A0CD-899F1CC864A1}.Release|Any CPU.Build.0 = Release|Any CPU
		{E85A03C4-C65B-4390-A0CD-899F1CC864A1}.UI|Any CPU.ActiveCfg = Release|Any CPU
		{E85A03C4-C65B-4390-A0CD-899F1CC864A1}.UI|Any CPU.Build.0 = Release|Any CPU
		{F4028964-4975-4F37-A242-F2421F43AFDD}.Debug|Any CPU.ActiveCfg = Debug|Any CPU
		{F4028964-4975-4F37-A242-F2421F43AFDD}.Debug|Any CPU.Build.0 = Debug|Any CPU
		{F4028964-4975-4F37-A242-F2421F43AFDD}.Release|Any CPU.ActiveCfg = Release|Any CPU
		{F4028964-4975-4F37-A242-F2421F43AFDD}.Release|Any CPU.Build.0 = Release|Any CPU
		{F4028964-4975-4F37-A242-F2421F43AFDD}.UI|Any CPU.ActiveCfg = Release|Any CPU
		{F4028964-4975-4F37-A242-F2421F43AFDD}.UI|Any CPU.Build.0 = Release|Any CPU
		{F0FCDB0A-3D05-400F-B04F-8CE33F10E3D6}.Debug|Any CPU.ActiveCfg = Debug|Any CPU
		{F0FCDB0A-3D05-400F-B04F-8CE33F10E3D6}.Debug|Any CPU.Build.0 = Debug|Any CPU
		{F0FCDB0A-3D05-400F-B04F-8CE33F10E3D6}.Release|Any CPU.ActiveCfg = Release|Any CPU
		{F0FCDB0A-3D05-400F-B04F-8CE33F10E3D6}.Release|Any CPU.Build.0 = Release|Any CPU
		{F0FCDB0A-3D05-400F-B04F-8CE33F10E3D6}.UI|Any CPU.ActiveCfg = Release|Any CPU
		{F0FCDB0A-3D05-400F-B04F-8CE33F10E3D6}.UI|Any CPU.Build.0 = Release|Any CPU
		{386CD52A-B3EC-4877-A9BA-8B4BECC94CF7}.Debug|Any CPU.ActiveCfg = Debug|Any CPU
		{386CD52A-B3EC-4877-A9BA-8B4BECC94CF7}.Debug|Any CPU.Build.0 = Debug|Any CPU
		{386CD52A-B3EC-4877-A9BA-8B4BECC94CF7}.Release|Any CPU.ActiveCfg = Release|Any CPU
		{386CD52A-B3EC-4877-A9BA-8B4BECC94CF7}.Release|Any CPU.Build.0 = Release|Any CPU
		{386CD52A-B3EC-4877-A9BA-8B4BECC94CF7}.UI|Any CPU.ActiveCfg = Release|Any CPU
		{386CD52A-B3EC-4877-A9BA-8B4BECC94CF7}.UI|Any CPU.Build.0 = Release|Any CPU
		{E958F190-2909-4D61-AFFA-3EF5F30CAA10}.Debug|Any CPU.ActiveCfg = Debug|Any CPU
		{E958F190-2909-4D61-AFFA-3EF5F30CAA10}.Debug|Any CPU.Build.0 = Debug|Any CPU
		{E958F190-2909-4D61-AFFA-3EF5F30CAA10}.Release|Any CPU.ActiveCfg = Release|Any CPU
		{E958F190-2909-4D61-AFFA-3EF5F30CAA10}.Release|Any CPU.Build.0 = Release|Any CPU
		{E958F190-2909-4D61-AFFA-3EF5F30CAA10}.UI|Any CPU.ActiveCfg = Release|Any CPU
		{E958F190-2909-4D61-AFFA-3EF5F30CAA10}.UI|Any CPU.Build.0 = Release|Any CPU
		{FC70723D-0950-4BCE-AA12-5FE3908F6A7B}.Debug|Any CPU.ActiveCfg = Debug|Any CPU
		{FC70723D-0950-4BCE-AA12-5FE3908F6A7B}.Debug|Any CPU.Build.0 = Debug|Any CPU
		{FC70723D-0950-4BCE-AA12-5FE3908F6A7B}.Release|Any CPU.ActiveCfg = Release|Any CPU
		{FC70723D-0950-4BCE-AA12-5FE3908F6A7B}.Release|Any CPU.Build.0 = Release|Any CPU
		{FC70723D-0950-4BCE-AA12-5FE3908F6A7B}.UI|Any CPU.ActiveCfg = Release|Any CPU
		{FC70723D-0950-4BCE-AA12-5FE3908F6A7B}.UI|Any CPU.Build.0 = Release|Any CPU
		{8206B712-6B1E-4DEE-8156-5757EDBD3315}.Debug|Any CPU.ActiveCfg = Debug|Any CPU
		{8206B712-6B1E-4DEE-8156-5757EDBD3315}.Debug|Any CPU.Build.0 = Debug|Any CPU
		{8206B712-6B1E-4DEE-8156-5757EDBD3315}.Release|Any CPU.ActiveCfg = Release|Any CPU
		{8206B712-6B1E-4DEE-8156-5757EDBD3315}.Release|Any CPU.Build.0 = Release|Any CPU
		{8206B712-6B1E-4DEE-8156-5757EDBD3315}.UI|Any CPU.ActiveCfg = Debug|Any CPU
		{8206B712-6B1E-4DEE-8156-5757EDBD3315}.UI|Any CPU.Build.0 = Debug|Any CPU
		{826358E3-4610-4688-96DD-86963BE51A58}.Debug|Any CPU.ActiveCfg = Debug|Any CPU
		{826358E3-4610-4688-96DD-86963BE51A58}.Debug|Any CPU.Build.0 = Debug|Any CPU
		{826358E3-4610-4688-96DD-86963BE51A58}.Release|Any CPU.ActiveCfg = Release|Any CPU
		{826358E3-4610-4688-96DD-86963BE51A58}.Release|Any CPU.Build.0 = Release|Any CPU
		{826358E3-4610-4688-96DD-86963BE51A58}.UI|Any CPU.ActiveCfg = Debug|Any CPU
		{826358E3-4610-4688-96DD-86963BE51A58}.UI|Any CPU.Build.0 = Debug|Any CPU
		{B3050D06-2B44-43AF-8919-70273DA69E3F}.Debug|Any CPU.ActiveCfg = Debug|Any CPU
		{B3050D06-2B44-43AF-8919-70273DA69E3F}.Debug|Any CPU.Build.0 = Debug|Any CPU
		{B3050D06-2B44-43AF-8919-70273DA69E3F}.Release|Any CPU.ActiveCfg = Release|Any CPU
		{B3050D06-2B44-43AF-8919-70273DA69E3F}.Release|Any CPU.Build.0 = Release|Any CPU
		{B3050D06-2B44-43AF-8919-70273DA69E3F}.UI|Any CPU.ActiveCfg = Debug|Any CPU
		{B3050D06-2B44-43AF-8919-70273DA69E3F}.UI|Any CPU.Build.0 = Debug|Any CPU
		{DBC88997-2447-4BD0-95FD-D4B2EF64F553}.Debug|Any CPU.ActiveCfg = Debug|Any CPU
		{DBC88997-2447-4BD0-95FD-D4B2EF64F553}.Debug|Any CPU.Build.0 = Debug|Any CPU
		{DBC88997-2447-4BD0-95FD-D4B2EF64F553}.Release|Any CPU.ActiveCfg = Release|Any CPU
		{DBC88997-2447-4BD0-95FD-D4B2EF64F553}.Release|Any CPU.Build.0 = Release|Any CPU
		{DBC88997-2447-4BD0-95FD-D4B2EF64F553}.UI|Any CPU.ActiveCfg = Debug|Any CPU
		{DBC88997-2447-4BD0-95FD-D4B2EF64F553}.UI|Any CPU.Build.0 = Debug|Any CPU
		{15B99426-16BC-4300-B9AC-24A9F6EDFA06}.Debug|Any CPU.ActiveCfg = Debug|Any CPU
		{15B99426-16BC-4300-B9AC-24A9F6EDFA06}.Debug|Any CPU.Build.0 = Debug|Any CPU
		{15B99426-16BC-4300-B9AC-24A9F6EDFA06}.Release|Any CPU.ActiveCfg = Release|Any CPU
		{15B99426-16BC-4300-B9AC-24A9F6EDFA06}.Release|Any CPU.Build.0 = Release|Any CPU
		{15B99426-16BC-4300-B9AC-24A9F6EDFA06}.UI|Any CPU.ActiveCfg = Debug|Any CPU
		{15B99426-16BC-4300-B9AC-24A9F6EDFA06}.UI|Any CPU.Build.0 = Debug|Any CPU
		{15FBE1A5-B442-4DA8-94A9-54153A445855}.Debug|Any CPU.ActiveCfg = Debug|Any CPU
		{15FBE1A5-B442-4DA8-94A9-54153A445855}.Debug|Any CPU.Build.0 = Debug|Any CPU
		{15FBE1A5-B442-4DA8-94A9-54153A445855}.Release|Any CPU.ActiveCfg = Release|Any CPU
		{15FBE1A5-B442-4DA8-94A9-54153A445855}.Release|Any CPU.Build.0 = Release|Any CPU
		{15FBE1A5-B442-4DA8-94A9-54153A445855}.UI|Any CPU.ActiveCfg = Debug|Any CPU
		{15FBE1A5-B442-4DA8-94A9-54153A445855}.UI|Any CPU.Build.0 = Debug|Any CPU
	EndGlobalSection
	GlobalSection(SolutionProperties) = preSolution
		HideSolutionNode = FALSE
	EndGlobalSection
	GlobalSection(ExtensibilityGlobals) = postSolution
		SolutionGuid = {F1FDD480-CFB0-4C0B-AAD1-4E6912F073BC}
	EndGlobalSection
EndGlobal
